<?xml version="1.0" encoding="UTF-8"?>
<CONFIG>
  <ProjectOptions>
    <Version Value="12"/>
    <PathDelim Value="\"/>
    <General>
      <SessionStorage Value="InProjectDir"/>
      <Title Value="StandAlone"/>
      <UseAppBundle Value="False"/>
      <ResourceType Value="res"/>
    </General>
    <VersionInfo>
      <UseVersionInfo Value="True"/>
      <MajorVersionNr Value="1"/>
      <MinorVersionNr Value="2"/>
      <RevisionNr Value="3"/>
      <BuildNr Value="4"/>
      <StringTable Comments="hhh"/>
    </VersionInfo>
    <BuildModes>
      <Item Name="Default" Default="True"/>
    </BuildModes>
    <PublishOptions>
      <Version Value="2"/>
      <UseFileFilters Value="True"/>
    </PublishOptions>
    <RunParams>
      <FormatVersion Value="2"/>
    </RunParams>
    <RequiredPackages>
      <Item>
        <PackageName Value="LCL"/>
      </Item>
    </RequiredPackages>
    <Units>
      <Unit>
        <Filename Value="StandAlone.lpr"/>
        <IsPartOfProject Value="True"/>
      </Unit>
      <Unit>
        <Filename Value="StandAloneUnit.pas"/>
        <IsPartOfProject Value="True"/>
        <ComponentName Value="FormFramework"/>
        <HasResources Value="True"/>
        <ResourceBaseClass Value="Form"/>
      </Unit>
      <Unit>
        <Filename Value="..\..\..\Source\SimpleWizard\CnMessageBoxWizard.pas"/>
        <IsPartOfProject Value="True"/>
        <ComponentName Value="CnMessageBoxForm"/>
        <HasResources Value="True"/>
        <ResourceBaseClass Value="Form"/>
      </Unit>
      <Unit>
        <Filename Value="..\..\..\Source\AICoder\CnAICoderConfig.pas"/>
        <IsPartOfProject Value="True"/>
      </Unit>
      <Unit>
        <Filename Value="..\..\..\Source\AICoder\CnAICoderWizard.pas"/>
        <IsPartOfProject Value="True"/>
        <ComponentName Value="CnAICoderConfigForm"/>
        <HasResources Value="True"/>
        <ResourceBaseClass Value="Form"/>
      </Unit>
      <Unit>
        <Filename Value="..\..\..\Source\AICoder\CnAICoderChatFrm.pas"/>
        <IsPartOfProject Value="True"/>
        <HasResources Value="True"/>
      </Unit>
      <Unit>
        <Filename Value="..\..\..\Source\AICoder\CnAICoderEngine.pas"/>
        <IsPartOfProject Value="True"/>
      </Unit>
      <Unit>
        <Filename Value="..\..\..\Source\AICoder\CnAICoderEngineImpl.pas"/>
        <IsPartOfProject Value="True"/>
      </Unit>
      <Unit>
        <Filename Value="..\..\..\Source\AICoder\CnAICoderNetClient.pas"/>
        <IsPartOfProject Value="True"/>
      </Unit>
      <Unit>
        <Filename Value="..\..\..\Source\AICoder\CnFrmAICoderOption.pas"/>
        <IsPartOfProject Value="True"/>
        <HasResources Value="True"/>
      </Unit>
      <Unit>
        <Filename Value="..\..\..\Source\CodingToolset\CnCodingToolsetWizard.pas"/>
        <IsPartOfProject Value="True"/>
        <HasResources Value="True"/>
      </Unit>
      <Unit>
        <Filename Value="..\..\..\Source\CodingToolset\CnEditorOpenFile.pas"/>
        <IsPartOfProject Value="True"/>
      </Unit>
      <Unit>
        <Filename Value="..\..\..\Source\CodingToolset\CnEditorOpenFileFrm.pas"/>
        <IsPartOfProject Value="True"/>
        <HasResources Value="True"/>
        <ResourceBaseClass Value="Form"/>
      </Unit>
      <Unit>
        <Filename Value="..\..\..\Source\ProjectExtWizard\CnProjectViewBaseFrm.pas"/>
        <IsPartOfProject Value="True"/>
        <ComponentName Value="CnProjectViewBaseForm"/>
        <HasResources Value="True"/>
        <ResourceBaseClass Value="Form"/>
      </Unit>
      <Unit>
        <Filename Value="..\..\..\Source\SimpleWizard\CnProcListWizard.pas"/>
        <IsPartOfProject Value="True"/>
        <HasResources Value="True"/>
        <ResourceBaseClass Value="Form"/>
      </Unit>
      <Unit>
        <Filename Value="..\..\..\Source\Config\CnWizConfigFrm.pas"/>
        <IsPartOfProject Value="True"/>
        <HasResources Value="True"/>
      </Unit>
      <Unit>
        <Filename Value="..\..\..\Source\Config\CnWizMenuSortFrm.pas"/>
        <IsPartOfProject Value="True"/>
        <HasResources Value="True"/>
      </Unit>
      <Unit>
        <Filename Value="..\..\..\Source\Config\CnWizSubActionShortCutFrm.pas"/>
        <IsPartOfProject Value="True"/>
        <HasResources Value="True"/>
      </Unit>
      <Unit>
        <Filename Value="..\..\..\Source\MultiLang\CnWizMultiLang.pas"/>
        <IsPartOfProject Value="True"/>
        <ComponentName Value="CnTranslateForm"/>
        <HasResources Value="True"/>
        <ResourceBaseClass Value="Form"/>
      </Unit>
      <Unit>
        <Filename Value="..\..\..\Source\MultiLang\CnWizLangID.pas"/>
        <IsPartOfProject Value="True"/>
      </Unit>
      <Unit>
        <Filename Value="..\..\..\Source\MultiLang\CnWizMultiLangFrame.pas"/>
        <IsPartOfProject Value="True"/>
        <HasResources Value="True"/>
      </Unit>
      <Unit>
        <Filename Value="..\..\..\Source\MultiLang\CnWizTranslate.pas"/>
        <IsPartOfProject Value="True"/>
      </Unit>
      <Unit>
        <Filename Value="..\..\..\Source\CodingToolset\CnAsciiChart.pas"/>
        <IsPartOfProject Value="True"/>
        <HasResources Value="True"/>
      </Unit>
      <Unit>
        <Filename Value="..\..\..\Source\SrcTemplate\CnSrcTemplate.pas"/>
        <IsPartOfProject Value="True"/>
        <ComponentName Value="CnSrcTemplateForm"/>
        <HasResources Value="True"/>
        <ResourceBaseClass Value="Form"/>
      </Unit>
      <Unit>
        <Filename Value="..\..\..\Source\SrcTemplate\CnSrcTemplateEditFrm.pas"/>
        <IsPartOfProject Value="True"/>
        <HasResources Value="True"/>
      </Unit>
      <Unit>
        <Filename Value="TestFormUnit.pas"/>
        <IsPartOfProject Value="True"/>
        <ComponentName Value="CnTranslateForm1"/>
        <HasResources Value="True"/>
        <ResourceBaseClass Value="Form"/>
      </Unit>
      <Unit>
        <Filename Value="..\..\..\Source\SimpleWizard\CnCommentCropper.pas"/>
        <IsPartOfProject Value="True"/>
        <HasResources Value="True"/>
      </Unit>
      <Unit>
        <Filename Value="..\..\..\Source\SimpleWizard\CnBookmarkConfigFrm.pas"/>
        <IsPartOfProject Value="True"/>
        <HasResources Value="True"/>
      </Unit>
      <Unit>
        <Filename Value="..\..\..\Source\SimpleWizard\CnBookmarkWizard.pas"/>
        <IsPartOfProject Value="True"/>
        <HasResources Value="True"/>
      </Unit>
      <Unit>
        <Filename Value="..\..\..\Source\SourceStat\CnStatFrm.pas"/>
        <IsPartOfProject Value="True"/>
        <HasResources Value="True"/>
      </Unit>
      <Unit>
        <Filename Value="..\..\..\Source\SourceStat\CnStatResultFrm.pas"/>
        <IsPartOfProject Value="True"/>
        <HasResources Value="True"/>
      </Unit>
      <Unit>
        <Filename Value="..\..\..\Source\SourceStat\CnStatWizard.pas"/>
        <IsPartOfProject Value="True"/>
      </Unit>
    </Units>
  </ProjectOptions>
  <CompilerOptions>
    <Version Value="11"/>
    <PathDelim Value="\"/>
    <Target>
      <Filename Value="..\..\..\Bin\StandAlone.exe"/>
    </Target>
    <SearchPaths>
      <IncludeFiles Value="..\..\..\Source;..\..\..\Source\Framework;..\..\..\Source\Utils;..\..\..\Source\MultiLang;..\..\..\Source\Misc;..\..\..\Source\DesignEditor;..\..\..\Source\ThirdParty;..\..\..\..\cnvcl\Source\Common;..\..\..\..\cnvcl\Source\Crypto;..\..\..\..\cnvcl\Source\MultiLang;..\..\..\..\cnvcl\Source\Graphic;..\..\..\..\cnvcl\Source\NonVisual;..\..\..\..\cnvcl\Source\NetComm;$(ProjOutDir)"/>
      <Libraries Value="..\..\..\Source;..\..\..\Source\Framework;..\..\..\Source\Utils;..\..\..\Source\MultiLang;..\..\..\Source\Misc;..\..\..\Source\DesignEditor;..\..\..\Source\ThirdParty;..\..\..\..\cnvcl\Source\Common;..\..\..\..\cnvcl\Source\Crypto;..\..\..\..\cnvcl\Source\MultiLang;..\..\..\..\cnvcl\Source\Graphic;..\..\..\..\cnvcl\Source\NonVisual;..\..\..\..\cnvcl\Source\NetComm"/>
      <OtherUnitFiles Value="..\..\..\Source;..\..\..\Source\Framework;..\..\..\Source\Utils;..\..\..\Source\MultiLang;..\..\..\Source\Misc;..\..\..\Source\Config;..\..\..\Source\DesignEditor;..\..\..\Source\ThirdParty;..\..\..\..\cnvcl\Source\Common;..\..\..\..\cnvcl\Source\Crypto;..\..\..\..\cnvcl\Source\MultiLang;..\..\..\..\cnvcl\Source\Graphic;..\..\..\..\cnvcl\Source\NonVisual;..\..\..\..\cnvcl\Source\NetComm;..\..\..\Source\SimpleWizard;..\..\..\Source\AICoder;..\..\..\Source\ProjectExtWizard;..\..\..\Source\CodingToolset;..\..\..\Source\SrcTemplate;..\..\..\Source\SourceStat"/>
      <UnitOutputDirectory Value="lib\$(TargetCPU)-$(TargetOS)"/>
      <ObjectPath Value="..\..\..\Source"/>
    </SearchPaths>
    <Parsing>
      <SyntaxOptions>
        <SyntaxMode Value="Delphi"/>
      </SyntaxOptions>
    </Parsing>
    <CodeGeneration>
      <Optimizations>
        <OptimizationLevel Value="0"/>
      </Optimizations>
    </CodeGeneration>
    <Linking>
      <Debugging>
        <DebugInfoType Value="dsDwarf3"/>
      </Debugging>
      <Options>
        <Win32>
          <GraphicApplication Value="True"/>
        </Win32>
      </Options>
    </Linking>
    <Other>
      <CustomOptions Value="-dSTAND_ALONE
-dDEBUG
-dENABLE_UIINTERACT"/>
      <OtherDefines Count="3">
        <Define0 Value="STAND_ALONE"/>
        <Define1 Value="DEBUG"/>
        <Define2 Value="ENABLE_UIINTERACT"/>
      </OtherDefines>
    </Other>
  </CompilerOptions>
  <Debugging>
    <Exceptions>
      <Item>
        <Name Value="EAbort"/>
      </Item>
      <Item>
        <Name Value="ECodetoolError"/>
      </Item>
      <Item>
        <Name Value="EFOpenError"/>
      </Item>
    </Exceptions>
  </Debugging>
</CONFIG>
