<?xml version="1.0" encoding="UTF-8"?>
<CONFIG>
  <ProjectOptions>
    <Version Value="12"/>
    <PathDelim Value="\"/>
    <General>
      <SessionStorage Value="InProjectDir"/>
      <Title Value="AICoderTest"/>
      <UseAppBundle Value="False"/>
      <ResourceType Value="res"/>
    </General>
    <BuildModes>
      <Item Name="Default" Default="True"/>
    </BuildModes>
    <PublishOptions>
      <Version Value="2"/>
      <UseFileFilters Value="True"/>
    </PublishOptions>
    <RunParams>
      <FormatVersion Value="2"/>
    </RunParams>
    <RequiredPackages>
      <Item>
        <PackageName Value="LCL"/>
      </Item>
    </RequiredPackages>
    <Units>
      <Unit>
        <Filename Value="AICoderTest.lpr"/>
        <IsPartOfProject Value="True"/>
      </Unit>
      <Unit>
        <Filename Value="AICoderUnit.pas"/>
        <IsPartOfProject Value="True"/>
        <ComponentName Value="FormAITest"/>
        <HasResources Value="True"/>
        <ResourceBaseClass Value="Form"/>
      </Unit>
    </Units>
  </ProjectOptions>
  <CompilerOptions>
    <Version Value="11"/>
    <PathDelim Value="\"/>
    <SearchPaths>
      <IncludeFiles Value="$(ProjOutDir);..\..\..\..\Source"/>
      <OtherUnitFiles Value="..\..\..\..\Source\Framework;..\..\..\..\Source\Utils;..\..\..\..\Source\MultiLang;..\..\..\..\Source\AICoder;..\..\..\..\Source\Misc;..\..\..\..\Source\DesignEditor;..\..\..\..\Source\Config;..\..\..\..\Source\ThirdParty;..\..\..\..\..\cnvcl\Source\Crypto;..\..\..\..\..\cnvcl\Source\Common;..\..\..\..\..\cnvcl\Source\Graphic;..\..\..\..\..\cnvcl\Source\MultiLang;..\..\..\..\..\cnvcl\Source\NetComm;..\..\..\..\..\cnvcl\Source\NonVisual"/>
      <UnitOutputDirectory Value="lib\$(TargetCPU)-$(TargetOS)"/>
    </SearchPaths>
    <Parsing>
      <SyntaxOptions>
        <SyntaxMode Value="Delphi"/>
      </SyntaxOptions>
    </Parsing>
    <Linking>
      <Debugging>
        <DebugInfoType Value="dsDwarf3"/>
      </Debugging>
      <Options>
        <Win32>
          <GraphicApplication Value="True"/>
        </Win32>
      </Options>
    </Linking>
    <Other>
      <CustomOptions Value="-dSTAND_ALONE
-dDEBUG"/>
      <OtherDefines Count="2">
        <Define0 Value="STAND_ALONE"/>
        <Define1 Value="DEBUG"/>
      </OtherDefines>
    </Other>
  </CompilerOptions>
  <Debugging>
    <Exceptions>
      <Item>
        <Name Value="EAbort"/>
      </Item>
      <Item>
        <Name Value="ECodetoolError"/>
      </Item>
      <Item>
        <Name Value="EFOpenError"/>
      </Item>
    </Exceptions>
  </Debugging>
</CONFIG>
