<Project xmlns="http://schemas.microsoft.com/developer/msbuild/2003">
  <PropertyGroup>
    <ProjectGuid>{0eea0301-884f-4a7d-8f2d-8ca3dcc0adb2}</ProjectGuid>
    <MainSource>CnWizards_D11.dpr</MainSource>
    <Configuration Condition=" '$(Configuration)' == '' ">Release</Configuration>
    <Platform Condition=" '$(Platform)' == '' ">AnyCPU</Platform>
    <DCC_EnabledPackages>true</DCC_EnabledPackages>
    <DCC_UsePackage>rtl;vcl;vclx;designide</DCC_UsePackage>
    <DCC_DCCCompiler>DCC32</DCC_DCCCompiler>
    <DCC_DependencyCheckOutputName>..\Bin\CnWizards_D11.dll</DCC_DependencyCheckOutputName>
  </PropertyGroup>
  <PropertyGroup Condition=" '$(Configuration)|$(Platform)' == 'Release|AnyCPU' ">
    <Version>7.0</Version>
    <DCC_DebugInformation>False</DCC_DebugInformation>
    <DCC_WriteableConstants>True</DCC_WriteableConstants>
    <DCC_LocalDebugSymbols>False</DCC_LocalDebugSymbols>
    <DCC_Optimize>False</DCC_Optimize>
    <DCC_GenerateStackFrames>True</DCC_GenerateStackFrames>
    <DCC_SymbolReferenceInfo>0</DCC_SymbolReferenceInfo>
    <DCC_MapFile>3</DCC_MapFile>
    <DCC_ExeOutput>..\Bin</DCC_ExeOutput>
    <DCC_DcuOutput>..\Dcu</DCC_DcuOutput>
    <DCC_ObjOutput>..\Dcu</DCC_ObjOutput>
    <DCC_HppOutput>..\Dcu</DCC_HppOutput>
    <DCC_UnitSearchPath>..\..\cnvcl\Source\Common;..\..\cnvcl\Source\NonVisual;..\..\cnvcl\Source\MultiLang;..\..\cnvcl\Source\Graphics;..\..\cnvcl\Source\NetComm;..\..\cnvcl\Source\ObjRep;ThirdParty;ThirdParty\TPAbbrevia;ThirdParty\JCL;ThirdParty\DCU32;ThirdParty\PascalScript;ThirdParty\FastCode;Utils;ScriptWizard</DCC_UnitSearchPath>
    <DCC_ResourcePath>..\..\cnvcl\Source\Common;..\..\cnvcl\Source\NonVisual;..\..\cnvcl\Source\MultiLang;..\..\cnvcl\Source\Graphics;..\..\cnvcl\Source\NetComm;..\..\cnvcl\Source\ObjRep;ThirdParty;ThirdParty\TPAbbrevia;ThirdParty\JCL;ThirdParty\DCU32;ThirdParty\PascalScript;ThirdParty\FastCode;Utils;ScriptWizard</DCC_ResourcePath>
    <DCC_ObjPath>..\..\cnvcl\Source\Common;..\..\cnvcl\Source\NonVisual;..\..\cnvcl\Source\MultiLang;..\..\cnvcl\Source\Graphics;..\..\cnvcl\Source\NetComm;..\..\cnvcl\Source\ObjRep;ThirdParty;ThirdParty\TPAbbrevia;ThirdParty\JCL;ThirdParty\DCU32;ThirdParty\PascalScript;ThirdParty\FastCode;Utils;ScriptWizard</DCC_ObjPath>
    <DCC_IncludePath>..\..\cnvcl\Source\Common;..\..\cnvcl\Source\NonVisual;..\..\cnvcl\Source\MultiLang;..\..\cnvcl\Source\Graphics;..\..\cnvcl\Source\NetComm;..\..\cnvcl\Source\ObjRep;ThirdParty;ThirdParty\TPAbbrevia;ThirdParty\JCL;ThirdParty\DCU32;ThirdParty\PascalScript;ThirdParty\FastCode;Utils;ScriptWizard</DCC_IncludePath>
    <DCC_Define>RELEASE</DCC_Define>
    <DCC_SYMBOL_DEPRECATED>False</DCC_SYMBOL_DEPRECATED>
    <DCC_SYMBOL_LIBRARY>False</DCC_SYMBOL_LIBRARY>
    <DCC_SYMBOL_PLATFORM>False</DCC_SYMBOL_PLATFORM>
    <DCC_SYMBOL_EXPERIMENTAL>False</DCC_SYMBOL_EXPERIMENTAL>
    <DCC_UNIT_LIBRARY>False</DCC_UNIT_LIBRARY>
    <DCC_UNIT_PLATFORM>False</DCC_UNIT_PLATFORM>
    <DCC_UNIT_DEPRECATED>False</DCC_UNIT_DEPRECATED>
    <DCC_UNIT_EXPERIMENTAL>False</DCC_UNIT_EXPERIMENTAL>
  </PropertyGroup>
  <PropertyGroup Condition=" '$(Configuration)|$(Platform)' == 'Debug|AnyCPU' ">
    <Version>7.0</Version>
    <DCC_WriteableConstants>True</DCC_WriteableConstants>
    <DCC_Optimize>False</DCC_Optimize>
    <DCC_GenerateStackFrames>True</DCC_GenerateStackFrames>
    <DCC_MapFile>3</DCC_MapFile>
    <DCC_ExeOutput>..\Bin</DCC_ExeOutput>
    <DCC_DcuOutput>..\Dcu</DCC_DcuOutput>
    <DCC_ObjOutput>..\Dcu</DCC_ObjOutput>
    <DCC_HppOutput>..\Dcu</DCC_HppOutput>
    <DCC_UnitSearchPath>..\..\cnvcl\Source\Common;..\..\cnvcl\Source\NonVisual;..\..\cnvcl\Source\MultiLang;..\..\cnvcl\Source\Graphics;..\..\cnvcl\Source\NetComm;..\..\cnvcl\Source\ObjRep;ThirdParty;ThirdParty\TPAbbrevia;ThirdParty\JCL;ThirdParty\DCU32;ThirdParty\PascalScript;ThirdParty\FastCode;Utils;ScriptWizard</DCC_UnitSearchPath>
    <DCC_ResourcePath>..\..\cnvcl\Source\Common;..\..\cnvcl\Source\NonVisual;..\..\cnvcl\Source\MultiLang;..\..\cnvcl\Source\Graphics;..\..\cnvcl\Source\NetComm;..\..\cnvcl\Source\ObjRep;ThirdParty;ThirdParty\TPAbbrevia;ThirdParty\JCL;ThirdParty\DCU32;ThirdParty\PascalScript;ThirdParty\FastCode;Utils;ScriptWizard</DCC_ResourcePath>
    <DCC_ObjPath>..\..\cnvcl\Source\Common;..\..\cnvcl\Source\NonVisual;..\..\cnvcl\Source\MultiLang;..\..\cnvcl\Source\Graphics;..\..\cnvcl\Source\NetComm;..\..\cnvcl\Source\ObjRep;ThirdParty;ThirdParty\TPAbbrevia;ThirdParty\JCL;ThirdParty\DCU32;ThirdParty\PascalScript;ThirdParty\FastCode;Utils;ScriptWizard</DCC_ObjPath>
    <DCC_IncludePath>..\..\cnvcl\Source\Common;..\..\cnvcl\Source\NonVisual;..\..\cnvcl\Source\MultiLang;..\..\cnvcl\Source\Graphics;..\..\cnvcl\Source\NetComm;..\..\cnvcl\Source\ObjRep;ThirdParty;ThirdParty\TPAbbrevia;ThirdParty\JCL;ThirdParty\DCU32;ThirdParty\PascalScript;ThirdParty\FastCode;Utils;ScriptWizard</DCC_IncludePath>
    <DCC_Define>DEBUG</DCC_Define>
    <DCC_SYMBOL_DEPRECATED>False</DCC_SYMBOL_DEPRECATED>
    <DCC_SYMBOL_LIBRARY>False</DCC_SYMBOL_LIBRARY>
    <DCC_SYMBOL_PLATFORM>False</DCC_SYMBOL_PLATFORM>
    <DCC_SYMBOL_EXPERIMENTAL>False</DCC_SYMBOL_EXPERIMENTAL>
    <DCC_UNIT_LIBRARY>False</DCC_UNIT_LIBRARY>
    <DCC_UNIT_PLATFORM>False</DCC_UNIT_PLATFORM>
    <DCC_UNIT_DEPRECATED>False</DCC_UNIT_DEPRECATED>
    <DCC_UNIT_EXPERIMENTAL>False</DCC_UNIT_EXPERIMENTAL>
  </PropertyGroup>
  <ProjectExtensions>
    <Borland.Personality>Delphi.Personality</Borland.Personality>
    <Borland.ProjectType />
    <BorlandProject>
<BorlandProject><Delphi.Personality><Parameters><Parameters Name="HostApplication">C:\Program Files\CodeGear\RAD Studio\5.0\bin\bds.exe</Parameters><Parameters Name="UseLauncher">False</Parameters><Parameters Name="LoadAllSymbols">True</Parameters><Parameters Name="LoadUnspecifiedSymbols">False</Parameters></Parameters><VersionInfo><VersionInfo Name="IncludeVerInfo">True</VersionInfo><VersionInfo Name="AutoIncBuild">False</VersionInfo><VersionInfo Name="MajorVer">0</VersionInfo><VersionInfo Name="MinorVer">9</VersionInfo><VersionInfo Name="Release">9</VersionInfo><VersionInfo Name="Build">0</VersionInfo><VersionInfo Name="Debug">False</VersionInfo><VersionInfo Name="PreRelease">False</VersionInfo><VersionInfo Name="Special">False</VersionInfo><VersionInfo Name="Private">False</VersionInfo><VersionInfo Name="DLL">False</VersionInfo><VersionInfo Name="Locale">2057</VersionInfo><VersionInfo Name="CodePage">1200</VersionInfo></VersionInfo><VersionInfoKeys><VersionInfoKeys Name="FileDescription">CnWizards For Delphi 2007</VersionInfoKeys><VersionInfoKeys Name="FileVersion">0.9.9.0</VersionInfoKeys><VersionInfoKeys Name="InternalName">CnWizards_D11</VersionInfoKeys><VersionInfoKeys Name="OriginalFilename">CnWizards_D11.DLL</VersionInfoKeys><VersionInfoKeys Name="ProductVersion">1.0.0.0</VersionInfoKeys><VersionInfoKeys Name="LegalCopyright">(C)Copyright 2001-2011 CnPack Team</VersionInfoKeys><VersionInfoKeys Name="LegalTrademarks">CnPack</VersionInfoKeys><VersionInfoKeys Name="ProductName">CnWizards</VersionInfoKeys><VersionInfoKeys Name="Comments">http://www.cnpack.org</VersionInfoKeys><VersionInfoKeys Name="CompanyName">CnPack Team</VersionInfoKeys></VersionInfoKeys><Source><Source Name="MainSource">CnWizards_D11.dpr</Source></Source></Delphi.Personality></BorlandProject></BorlandProject>
  </ProjectExtensions>
  <Import Project="$(MSBuildBinPath)\Borland.Delphi.Targets" />
  <ItemGroup>
    <DelphiCompile Include="CnWizards_D11.dpr">
      <MainSource>MainSource</MainSource>
    </DelphiCompile>
    <DCCReference Include="Config\CnWizConfigFrm.pas">
      <Form>CnWizConfigForm</Form>
    </DCCReference>
    <DCCReference Include="Config\CnWizMenuSortFrm.pas">
      <Form>CnMenuSortForm</Form>
    </DCCReference>
    <DCCReference Include="Config\CnWizSubActionShortCutFrm.pas">
      <Form>CnWizSubActionShortCutForm</Form>
    </DCCReference>
    <DCCReference Include="CorProperty\CnCorPropCfgFrm.pas">
      <Form>CnCorPropCfgForm</Form>
    </DCCReference>
    <DCCReference Include="CorProperty\CnCorPropFrm.pas">
      <Form>CnCorPropForm</Form>
    </DCCReference>
    <DCCReference Include="CorProperty\CnCorPropRulesFrm.pas">
      <Form>CorPropRuleForm</Form>
    </DCCReference>
    <DCCReference Include="CorProperty\CnCorPropWizard.pas" />
    <DCCReference Include="DesignEditors\CnAlignPropEditor.pas" />
    <DCCReference Include="DesignEditors\CnDesignEditor.pas" />
    <DCCReference Include="DesignEditors\CnDesignEditorConsts.pas" />
    <DCCReference Include="DesignEditors\CnDesignEditorUtils.pas" />
    <DCCReference Include="DesignEditors\CnHintEditorFrm.pas">
      <Form>CnHintEditorForm</Form>
    </DCCReference>
    <DCCReference Include="DesignEditors\CnImageListEditor.pas" />
    <DCCReference Include="DesignEditors\CnImageListEditorFrm.pas">
      <Form>CnImageListEditorForm</Form>
    </DCCReference>
    <DCCReference Include="DesignEditors\CnMultiLineEditorFrm.pas">
      <Form>CnMultiLineEditorForm</Form>
    </DCCReference>
    <DCCReference Include="DesignEditors\CnMultiLineEdtToolOptFrm.pas">
      <Form>CnMultiLineEditorToolsOptionForm</Form>
    </DCCReference>
    <DCCReference Include="DesignEditors\CnMultiLineEdtUserFmtFrm.pas">
      <Form>CnMultiLineEditorUserFmtForm</Form>
    </DCCReference>
    <DCCReference Include="DesignEditors\CnNamePropEditor.pas" />
    <DCCReference Include="DesignEditors\CnPropEditorCustomizeFrm.pas">
      <Form>CnPropEditorCustomizeForm</Form>
    </DCCReference>
    <DCCReference Include="DesignEditors\CnSetPropEditor.pas" />
    <DCCReference Include="DesignEditors\CnShenPropEditors.pas" />
    <DCCReference Include="DesignEditors\CnShenStringModule.pas" />
    <DCCReference Include="DesignEditors\CnSizeConstraintsEditorFrm.pas">
      <Form>CnSizeConstraintsEditorForm</Form>
    </DCCReference>
    <DCCReference Include="EditorTabSet\CnWizEdtTabSetFrm.pas">
      <Form>CnWizEdtTabSetForm</Form>
    </DCCReference>
    <DCCReference Include="EditorTabSet\CnWizEdtTabSetHook.pas" />
    <DCCReference Include="EditorWizard\CnAsciiChart.pas">
      <Form>CnAsciiForm</Form>
    </DCCReference>
    <DCCReference Include="EditorWizard\CnEditorCodeComment.pas">
      <Form>CnEditorCodeCommentForm</Form>
    </DCCReference>
    <DCCReference Include="EditorWizard\CnEditorCodeDelBlank.pas">
      <Form>CnDelBlankForm</Form>
    </DCCReference>
    <DCCReference Include="EditorWizard\CnEditorCodeIndent.pas" />
    <DCCReference Include="EditorWizard\CnEditorCodeSwap.pas" />
    <DCCReference Include="EditorWizard\CnEditorCodeTool.pas" />
    <DCCReference Include="EditorWizard\CnEditorCodeToString.pas">
      <Form>CnEditorCodeToStringForm</Form>
    </DCCReference>
    <DCCReference Include="EditorWizard\CnEditorCollector.pas">
      <Form>CnEditorCollectorForm</Form>
    </DCCReference>
    <DCCReference Include="EditorWizard\CnEditorFontZoom.pas" />
    <DCCReference Include="EditorWizard\CnEditorInsertColor.pas" />
    <DCCReference Include="EditorWizard\CnEditorInsertTime.pas">
      <Form>CnEditorInsertTimeForm</Form>
    </DCCReference>
    <DCCReference Include="EditorWizard\CnEditorJumpMessage.pas" />
    <DCCReference Include="EditorWizard\CnEditorOpenFile.pas" />
    <DCCReference Include="EditorWizard\CnEditorSortLines.pas" />
    <DCCReference Include="EditorWizard\CnEditorToggleUses.pas" />
    <DCCReference Include="EditorWizard\CnEditorToggleVar.pas" />
    <DCCReference Include="EditorWizard\CnEditorWizard.pas">
      <Form>CnEditorToolsForm</Form>
    </DCCReference>
    <DCCReference Include="EditorWizard\CnEditorZoomFullScreen.pas">
      <Form>CnEditorZoomFullScreenForm</Form>
    </DCCReference>
    <DCCReference Include="ExplorerWizard\CnExplore.pas">
      <Form>CnExploreForm</Form>
    </DCCReference>
    <DCCReference Include="ExplorerWizard\CnExploreDirectory.pas">
      <Form>CnExploreDirctoryForm</Form>
    </DCCReference>
    <DCCReference Include="ExplorerWizard\CnExploreFilter.pas">
      <Form>CnExploreFilterForm</Form>
    </DCCReference>
    <DCCReference Include="ExplorerWizard\CnExploreFilterEditor.pas">
      <Form>CnExploreFilterEditorForm</Form>
    </DCCReference>
    <DCCReference Include="Framework\CnWizClasses.pas" />
    <DCCReference Include="Framework\CnWizCompilerConst.pas" />
    <DCCReference Include="Framework\CnWizConsts.pas" />
    <DCCReference Include="Framework\CnWizDllEntry.pas" />
    <DCCReference Include="Framework\CnWizManager.pas" />
    <DCCReference Include="Framework\CnWizMenuAction.pas" />
    <DCCReference Include="Framework\CnWizOptions.pas" />
    <DCCReference Include="Framework\CnWizShortCut.pas" />
    <DCCReference Include="IdeEnhancements\CnCpuWinEnhanceFrm.pas">
      <Form>CnCpuWinEnhanceForm</Form>
    </DCCReference>
    <DCCReference Include="IdeEnhancements\CnCpuWinEnhancements.pas" />
    <DCCReference Include="IdeEnhancements\CnFastCodeWizard.pas" />
    <DCCReference Include="IdeEnhancements\CnFlatToolbarConfigFrm.pas">
      <Form>CnFlatToolbarConfigForm</Form>
    </DCCReference>
    <DCCReference Include="IdeEnhancements\CnFormEnhancements.pas">
      <Form>CnFormEnhanceConfigForm</Form>
    </DCCReference>
    <DCCReference Include="IdeEnhancements\CnHighlightLineFrm.pas">
      <Form>CnHighlightLineForm</Form>
    </DCCReference>
    <DCCReference Include="IdeEnhancements\CnIdeEnhanceMenu.pas" />
    <DCCReference Include="IdeEnhancements\CnInputHelper.pas" />
    <DCCReference Include="IdeEnhancements\CnInputHelperEditFrm.pas">
      <Form>CnInputHelperEditForm</Form>
    </DCCReference>
    <DCCReference Include="IdeEnhancements\CnInputHelperFrm.pas">
      <Form>CnInputHelperForm</Form>
    </DCCReference>
    <DCCReference Include="IdeEnhancements\CnInputIdeSymbolList.pas" />
    <DCCReference Include="IdeEnhancements\CnInputSymbolList.pas" />
    <DCCReference Include="IdeEnhancements\CnPaletteEnhanceFrm.pas">
      <Form>CnPalEnhanceForm</Form>
    </DCCReference>
    <DCCReference Include="IdeEnhancements\CnPaletteEnhancements.pas" />
    <DCCReference Include="IdeEnhancements\CnSourceHighlight.pas" />
    <DCCReference Include="IdeEnhancements\CnSourceHighlightFrm.pas">
      <Form>CnSourceHighlightForm</Form>
    </DCCReference>
    <DCCReference Include="IdeEnhancements\CnVerEnhanceFrm.pas">
      <Form>CnVerEnhanceForm</Form>
    </DCCReference>
    <DCCReference Include="IdeEnhancements\CnVerEnhancements.pas" />
    <DCCReference Include="IdeEnhancements\CnWinTopRoller.pas">
      <Form>CnTopRollerForm</Form>
    </DCCReference>
    <DCCReference Include="Misc\CnIDEVersion.pas" />
    <DCCReference Include="Misc\CnWizAbout.pas" />
    <DCCReference Include="Misc\CnWizAboutFrm.pas">
      <Form>CnWizAboutForm</Form>
    </DCCReference>
    <DCCReference Include="Misc\CnWizBoot.pas">
      <Form>CnWizBootForm</Form>
    </DCCReference>
    <DCCReference Include="Misc\CnWizCommentFrm.pas">
      <Form>CnWizCommentForm</Form>
    </DCCReference>
    <DCCReference Include="Misc\CnWizFeedbackFrm.pas">
      <Form>CnWizFeedbackForm</Form>
    </DCCReference>
    <DCCReference Include="Misc\CnWizShareImages.pas">
      <Form>dmCnSharedImages</Form>
      <DesignClass>TDataModule</DesignClass>
    </DCCReference>
    <DCCReference Include="Misc\CnWizTipOfDayFrm.pas">
      <Form>CnWizTipOfDayForm</Form>
    </DCCReference>
    <DCCReference Include="Misc\CnWizUpgradeFrm.pas">
      <Form>CnWizUpgradeForm</Form>
    </DCCReference>
    <DCCReference Include="MultiLang\CnWizMultiLang.pas">
      <Form>CnTranslateForm</Form>
    </DCCReference>
    <DCCReference Include="MultiLang\CnWizTranslate.pas" />
    <DCCReference Include="PrefixWizard\CnPrefixCompFrm.pas">
      <Form>CnPrefixCompForm</Form>
    </DCCReference>
    <DCCReference Include="PrefixWizard\CnPrefixConfigFrm.pas">
      <Form>CnPrefixConfigForm</Form>
    </DCCReference>
    <DCCReference Include="PrefixWizard\CnPrefixEditFrm.pas">
      <Form>CnPrefixEditForm</Form>
    </DCCReference>
    <DCCReference Include="PrefixWizard\CnPrefixExecuteFrm.pas">
      <Form>CnPrefixExecuteForm</Form>
    </DCCReference>
    <DCCReference Include="PrefixWizard\CnPrefixList.pas" />
    <DCCReference Include="PrefixWizard\CnPrefixNewFrm.pas">
      <Form>CnPrefixNewForm</Form>
    </DCCReference>
    <DCCReference Include="PrefixWizard\CnPrefixWizard.pas" />
    <DCCReference Include="ProjectExtWizard\CnProjectBackupFrm.pas">
      <Form>CnProjectBackupForm</Form>
    </DCCReference>
    <DCCReference Include="ProjectExtWizard\CnProjectBackupSaveFrm.pas">
      <Form>CnProjectBackupSaveForm</Form>
    </DCCReference>
    <DCCReference Include="ProjectExtWizard\CnProjectDelTempFrm.pas">
      <Form>CnProjectDelTempForm</Form>
    </DCCReference>
    <DCCReference Include="ProjectExtWizard\CnProjectDirBuilderFrm.pas">
      <Form>CnProjectDirBuilderForm</Form>
    </DCCReference>
    <DCCReference Include="ProjectExtWizard\CnProjectDirImportFrm.pas">
      <Form>CnImportDirForm</Form>
    </DCCReference>
    <DCCReference Include="ProjectExtWizard\CnProjectExtWizard.pas" />
    <DCCReference Include="ProjectExtWizard\CnProjectFramesFrm.pas">
      <Form>CnProjectFramesForm</Form>
    </DCCReference>
    <DCCReference Include="ProjectExtWizard\CnProjectListUsedFrm.pas">
      <Form>CnProjectListUsedForm</Form>
    </DCCReference>
    <DCCReference Include="ProjectExtWizard\CnProjectUseUnitsFrm.pas">
      <Form>CnProjectViewUnitsForm</Form>
    </DCCReference>
    <DCCReference Include="ProjectExtWizard\CnProjectViewBaseFrm.pas">
      <Form>CnProjectViewBaseForm</Form>
    </DCCReference>
    <DCCReference Include="ProjectExtWizard\CnProjectViewFormsFrm.pas">
      <Form>CnProjectViewFormsForm</Form>
    </DCCReference>
    <DCCReference Include="ProjectExtWizard\CnProjectViewUnitsFrm.pas">
      <Form>CnProjectViewUnitsForm</Form>
    </DCCReference>
    <DCCReference Include="ReopenWizard\CnFilesSnapshot.pas" />
    <DCCReference Include="ReopenWizard\CnFilesSnapshotManageFrm.pas">
      <Form>CnProjectFilesSnapshotManageForm</Form>
    </DCCReference>
    <DCCReference Include="ReopenWizard\CnRoClasses.pas" />
    <DCCReference Include="ReopenWizard\CnRoConst.pas" />
    <DCCReference Include="ReopenWizard\CnRoFilesList.pas">
      <Form>CnFilesListForm</Form>
    </DCCReference>
    <DCCReference Include="ReopenWizard\CnRoFrmFileList.pas">
      <Form>RecentFilesFrame</Form>
      <DesignClass>TFrame</DesignClass>
    </DCCReference>
    <DCCReference Include="ReopenWizard\CnRoInterfaces.pas" />
    <DCCReference Include="ReopenWizard\CnRoOptions.pas">
      <Form>CnRoOptionsDlg</Form>
    </DCCReference>
    <DCCReference Include="ReopenWizard\CnRoWizard.pas" />
    <DCCReference Include="RepositoryWiz\CnDUnitSetFrm.pas">
      <Form>CnDUnitSetForm</Form>
    </DCCReference>
    <DCCReference Include="RepositoryWiz\CnDUnitWizard.pas" />
    <DCCReference Include="RepositoryWiz\CnIniFilerFrm.pas">
      <Form>CnIniFilerForm</Form>
    </DCCReference>
    <DCCReference Include="RepositoryWiz\CnIniFilerWizard.pas" />
    <DCCReference Include="RepositoryWiz\CnMemProfWizard.pas">
      <Form>CnMemProfForm</Form>
    </DCCReference>
    <DCCReference Include="RepositoryWiz\CnOTACreators.pas" />
    <DCCReference Include="RepositoryWiz\CnRepositoryMenu.pas" />
    <DCCReference Include="ScriptWizard\CnScriptClasses.pas" />
    <DCCReference Include="ScriptWizard\CnScriptFrm.pas">
      <Form>CnScriptForm</Form>
    </DCCReference>
    <DCCReference Include="ScriptWizard\CnScriptRegister.pas" />
    <DCCReference Include="ScriptWizard\CnScriptWizard.pas">
      <Form>CnScriptWizardForm</Form>
    </DCCReference>
    <DCCReference Include="SimpleWizards\CnAlignSizeWizard.pas">
      <Form>CnNonArrangeForm</Form>
    </DCCReference>
    <DCCReference Include="SimpleWizards\CnBookmarkConfigFrm.pas">
      <Form>CnBookmarkConfigForm</Form>
    </DCCReference>
    <DCCReference Include="SimpleWizards\CnBookmarkWizard.pas">
      <Form>CnBookmarkForm</Form>
    </DCCReference>
    <DCCReference Include="SimpleWizards\CnCommentCropper.pas">
      <Form>CommentCropForm</Form>
    </DCCReference>
    <DCCReference Include="SimpleWizards\CnComponentSelector.pas">
      <Form>CnComponentSelectorForm</Form>
    </DCCReference>
    <DCCReference Include="SimpleWizards\CnCompToCodeFrm.pas">
      <Form>CnCompToCodeForm</Form>
    </DCCReference>
    <DCCReference Include="SimpleWizards\CnFeedWizard.pas" />
    <DCCReference Include="SimpleWizards\CnFeedWizardFrm.pas">
      <Form>CnFeedWizardForm</Form>
    </DCCReference>
    <DCCReference Include="SimpleWizards\CnIdeBRWizard.pas" />
    <DCCReference Include="SimpleWizards\CnListCompFrm.pas">
      <Form>CnListCompForm</Form>
    </DCCReference>
    <DCCReference Include="SimpleWizards\CnMessageBoxWizard.pas">
      <Form>CnMessageBoxForm</Form>
    </DCCReference>
    <DCCReference Include="SimpleWizards\CnMsdnWizard.pas">
      <Form>CnMsdnConfigForm</Form>
    </DCCReference>
    <DCCReference Include="SimpleWizards\CnPas2HtmlConfigFrm.pas">
      <Form>CnPas2HtmlConfigForm</Form>
    </DCCReference>
    <DCCReference Include="SimpleWizards\CnPas2HtmlWizard.pas">
      <Form>CnPas2HtmlForm</Form>
    </DCCReference>
    <DCCReference Include="SimpleWizards\CnPasConvertTypeFrm.pas">
      <Form>CnPasConvertTypeForm</Form>
    </DCCReference>
    <DCCReference Include="SimpleWizards\CnProcListWizard.pas">
      <Form>CnProcListForm</Form>
    </DCCReference>
    <DCCReference Include="SimpleWizards\CnReplaceWizard.pas">
      <Form>CnReplaceWizardForm</Form>
    </DCCReference>
    <DCCReference Include="SimpleWizards\CnTabOrderWizard.pas">
      <Form>CnTabOrderForm</Form>
    </DCCReference>
    <DCCReference Include="SimpleWizards\CnUsesCleaner.pas">
      <Form>CnUsesCleanerForm</Form>
    </DCCReference>
    <DCCReference Include="SimpleWizards\CnUsesCleanResultFrm.pas">
      <Form>CnUsesCleanResultForm</Form>
    </DCCReference>
    <DCCReference Include="SourceDiff\CnDiffEditorFrm.pas">
      <Form>CnDiffEditorForm</Form>
    </DCCReference>
    <DCCReference Include="SourceDiff\CnSourceDiffFrm.pas">
      <Form>CnSourceDiffForm</Form>
    </DCCReference>
    <DCCReference Include="SourceDiff\CnSourceDiffWizard.pas" />
    <DCCReference Include="SourceStat\CnStatFrm.pas">
      <Form>CnStatForm</Form>
    </DCCReference>
    <DCCReference Include="SourceStat\CnStatResultFrm.pas">
      <Form>CnStatResultForm</Form>
    </DCCReference>
    <DCCReference Include="SourceStat\CnStatWizard.pas" />
    <DCCReference Include="SrcEditorEnhance\CnIdentRenameFrm.pas">
      <Form>CnIdentRenameForm</Form>
    </DCCReference>
    <DCCReference Include="SrcEditorEnhance\CnSrcEditorBlockTools.pas" />
    <DCCReference Include="SrcEditorEnhance\CnSrcEditorCodeWrap.pas">
      <Form>CnSrcEditorCodeWrapForm</Form>
    </DCCReference>
    <DCCReference Include="SrcEditorEnhance\CnSrcEditorEnhance.pas">
      <Form>CnSrcEditorEnhanceForm</Form>
    </DCCReference>
    <DCCReference Include="SrcEditorEnhance\CnSrcEditorGroupReplace.pas">
      <Form>CnSrcEditorGroupReplaceForm</Form>
    </DCCReference>
    <DCCReference Include="SrcEditorEnhance\CnSrcEditorGutter.pas" />
    <DCCReference Include="SrcEditorEnhance\CnSrcEditorKey.pas" />
    <DCCReference Include="SrcEditorEnhance\CnSrcEditorMisc.pas" />
    <DCCReference Include="SrcEditorEnhance\CnSrcEditorNav.pas" />
    <DCCReference Include="SrcEditorEnhance\CnSrcEditorToolBar.pas" />
    <DCCReference Include="SrcEditorEnhance\CnSrcEditorWebSearch.pas">
      <Form>CnSrcEditorWebSearchForm</Form>
    </DCCReference>
    <DCCReference Include="SrcTemplate\CnSrcTemplate.pas">
      <Form>CnSrcTemplateForm</Form>
    </DCCReference>
    <DCCReference Include="SrcTemplate\CnSrcTemplateEditFrm.pas">
      <Form>CnSrcTemplateEditForm</Form>
    </DCCReference>
    <DCCReference Include="Utils\CnCppCodeParser.pas" />
    <DCCReference Include="Utils\CnDCU32.pas" />
    <DCCReference Include="Utils\CnEditControlWrapper.pas" />
    <DCCReference Include="Utils\CnFeedParser.pas" />
    <DCCReference Include="Utils\CnGroupReplace.pas" />
    <DCCReference Include="Utils\CnImageProviderMgr.pas" />
    <DCCReference Include="Utils\CnImageProvider_FindIcons.pas" />
    <DCCReference Include="Utils\CnImageProvider_IconFinder.pas" />
    <DCCReference Include="Utils\CnLineParser.pas" />
    <DCCReference Include="Utils\CnPasCodeParser.pas" />
    <DCCReference Include="Utils\CnPasConvert.pas" />
    <DCCReference Include="Utils\CnSourceCropper.pas" />
    <DCCReference Include="Utils\CnWizControlHook.pas" />
    <DCCReference Include="Utils\CnWizDfmParser.pas" />
    <DCCReference Include="Utils\CnWizEditFiler.pas" />
    <DCCReference Include="Utils\CnWizFlatButton.pas" />
    <DCCReference Include="Utils\CnWizIdeDock.pas">
      <Form>CnIdeDockForm</Form>
    </DCCReference>
    <DCCReference Include="Utils\CnWizIdeHooks.pas" />
    <DCCReference Include="Utils\CnWizIdeUtils.pas" />
    <DCCReference Include="Utils\CnWizMacroFrm.pas">
      <Form>CnWizMacroForm</Form>
    </DCCReference>
    <DCCReference Include="Utils\CnWizMacroText.pas" />
    <DCCReference Include="Utils\CnWizMacroUtils.pas" />
    <DCCReference Include="Utils\CnWizMethodHook.pas" />
    <DCCReference Include="Utils\CnWizNotifier.pas" />
    <DCCReference Include="Utils\CnWizSearch.pas" />
    <DCCReference Include="Utils\CnWizUtils.pas" />
  </ItemGroup>
</Project>